// !$*UTF8*$!
{
	archiveVersion = 1;
	classes = {
	};
	objectVersion = 56;
	objects = {

/* Begin PBXBuildFile section */
		99159CB22C0F548700BBEF5E /* RefrigeratorRecipeAppApp.swift in Sources */ = {isa = PBXBuildFile; fileRef = 99159CB12C0F548700BBEF5E /* RefrigeratorRecipeAppApp.swift */; };
		99159CB42C0F548700BBEF5E /* ContentView.swift in Sources */ = {isa = PBXBuildFile; fileRef = 99159CB32C0F548700BBEF5E /* ContentView.swift */; };
		99159CB62C0F548700BBEF5E /* Item.swift in Sources */ = {isa = PBXBuildFile; fileRef = 99159CB52C0F548700BBEF5E /* Item.swift */; };
		99159CB82C0F548A00BBEF5E /* Assets.xcassets in Resources */ = {isa = PBXBuildFile; fileRef = 99159CB72C0F548A00BBEF5E /* Assets.xcassets */; };
		99159CBB2C0F548A00BBEF5E /* Preview Assets.xcassets in Resources */ = {isa = PBXBuildFile; fileRef = 99159CBA2C0F548A00BBEF5E /* Preview Assets.xcassets */; };
		99159CC52C0F548B00BBEF5E /* RefrigeratorRecipeAppTests.swift in Sources */ = {isa = PBXBuildFile; fileRef = 99159CC42C0F548B00BBEF5E /* RefrigeratorRecipeAppTests.swift */; };
		99159CCF2C0F548B00BBEF5E /* RefrigeratorRecipeAppUITests.swift in Sources */ = {isa = PBXBuildFile; fileRef = 99159CCE2C0F548B00BBEF5E /* RefrigeratorRecipeAppUITests.swift */; };
		99159CD12C0F548B00BBEF5E /* RefrigeratorRecipeAppUITestsLaunchTests.swift in Sources */ = {isa = PBXBuildFile; fileRef = 99159CD02C0F548B00BBEF5E /* RefrigeratorRecipeAppUITestsLaunchTests.swift */; };
/* End PBXBuildFile section */

/* Begin PBXContainerItemProxy section */
		99159CC12C0F548B00BBEF5E /* PBXContainerItemProxy */ = {
			isa = PBXContainerItemProxy;
			containerPortal = 99159CA62C0F548700BBEF5E /* Project object */;
			proxyType = 1;
			remoteGlobalIDString = 99159CAD2C0F548700BBEF5E;
			remoteInfo = RefrigeratorRecipeApp;
		};
		99159CCB2C0F548B00BBEF5E /* PBXContainerItemProxy */ = {
			isa = PBXContainerItemProxy;
			containerPortal = 99159CA62C0F548700BBEF5E /* Project object */;
			proxyType = 1;
			remoteGlobalIDString = 99159CAD2C0F548700BBEF5E;
			remoteInfo = RefrigeratorRecipeApp;
		};
/* End PBXContainerItemProxy section */

/* Begin PBXFileReference section */
		99159CAE2C0F548700BBEF5E /* RefrigeratorRecipeApp.app */ = {isa = PBXFileReference; explicitFileType = wrapper.application; includeInIndex = 0; path = RefrigeratorRecipeApp.app; sourceTree = BUILT_PRODUCTS_DIR; };
		99159CB12C0F548700BBEF5E /* RefrigeratorRecipeAppApp.swift */ = {isa = PBXFileReference; lastKnownFileType = sourcecode.swift; path = RefrigeratorRecipeAppApp.swift; sourceTree = "<group>"; };
		99159CB32C0F548700BBEF5E /* ContentView.swift */ = {isa = PBXFileReference; lastKnownFileType = sourcecode.swift; path = ContentView.swift; sourceTree = "<group>"; };
		99159CB52C0F548700BBEF5E /* Item.swift */ = {isa = PBXFileReference; lastKnownFileType = sourcecode.swift; path = Item.swift; sourceTree = "<group>"; };
		99159CB72C0F548A00BBEF5E /* Assets.xcassets */ = {isa = PBXFileReference; lastKnownFileType = folder.assetcatalog; path = Assets.xcassets; sourceTree = "<group>"; };
		99159CBA2C0F548A00BBEF5E /* Preview Assets.xcassets */ = {isa = PBXFileReference; lastKnownFileType = folder.assetcatalog; path = "Preview Assets.xcassets"; sourceTree = "<group>"; };
		99159CC02C0F548B00BBEF5E /* RefrigeratorRecipeAppTests.xctest */ = {isa = PBXFileReference; explicitFileType = wrapper.cfbundle; includeInIndex = 0; path = RefrigeratorRecipeAppTests.xctest; sourceTree = BUILT_PRODUCTS_DIR; };
		99159CC42C0F548B00BBEF5E /* RefrigeratorRecipeAppTests.swift */ = {isa = PBXFileReference; lastKnownFileType = sourcecode.swift; path = RefrigeratorRecipeAppTests.swift; sourceTree = "<group>"; };
		99159CCA2C0F548B00BBEF5E /* RefrigeratorRecipeAppUITests.xctest */ = {isa = PBXFileReference; explicitFileType = wrapper.cfbundle; includeInIndex = 0; path = RefrigeratorRecipeAppUITests.xctest; sourceTree = BUILT_PRODUCTS_DIR; };
		99159CCE2C0F548B00BBEF5E /* RefrigeratorRecipeAppUITests.swift */ = {isa = PBXFileReference; lastKnownFileType = sourcecode.swift; path = RefrigeratorRecipeAppUITests.swift; sourceTree = "<group>"; };
		99159CD02C0F548B00BBEF5E /* RefrigeratorRecipeAppUITestsLaunchTests.swift */ = {isa = PBXFileReference; lastKnownFileType = sourcecode.swift; path = RefrigeratorRecipeAppUITestsLaunchTests.swift; sourceTree = "<group>"; };
/* End PBXFileReference section */

/* Begin PBXFrameworksBuildPhase section */
		99159CAB2C0F548700BBEF5E /* Frameworks */ = {
			isa = PBXFrameworksBuildPhase;
			buildActionMask = 2147483647;
			files = (
			);
			runOnlyForDeploymentPostprocessing = 0;
		};
		99159CBD2C0F548B00BBEF5E /* Frameworks */ = {
			isa = PBXFrameworksBuildPhase;
			buildActionMask = 2147483647;
			files = (
			);
			runOnlyForDeploymentPostprocessing = 0;
		};
		99159CC72C0F548B00BBEF5E /* Frameworks */ = {
			isa = PBXFrameworksBuildPhase;
			buildActionMask = 2147483647;
			files = (
			);
			runOnlyForDeploymentPostprocessing = 0;
		};
/* End PBXFrameworksBuildPhase section */

/* Begin PBXGroup section */
		99159CA52C0F548700BBEF5E = {
			isa = PBXGroup;
			children = (
				99159CB02C0F548700BBEF5E /* RefrigeratorRecipeApp */,
				99159CC32C0F548B00BBEF5E /* RefrigeratorRecipeAppTests */,
				99159CCD2C0F548B00BBEF5E /* RefrigeratorRecipeAppUITests */,
				99159CAF2C0F548700BBEF5E /* Products */,
			);
			sourceTree = "<group>";
		};
		99159CAF2C0F548700BBEF5E /* Products */ = {
			isa = PBXGroup;
			children = (
				99159CAE2C0F548700BBEF5E /* RefrigeratorRecipeApp.app */,
				99159CC02C0F548B00BBEF5E /* RefrigeratorRecipeAppTests.xctest */,
				99159CCA2C0F548B00BBEF5E /* RefrigeratorRecipeAppUITests.xctest */,
			);
			name = Products;
			sourceTree = "<group>";
		};
		99159CB02C0F548700BBEF5E /* RefrigeratorRecipeApp */ = {
			isa = PBXGroup;
			children = (
				99159CB12C0F548700BBEF5E /* RefrigeratorRecipeAppApp.swift */,
				99159CB32C0F548700BBEF5E /* ContentView.swift */,
				99159CB52C0F548700BBEF5E /* Item.swift */,
				99159CB72C0F548A00BBEF5E /* Assets.xcassets */,
				99159CB92C0F548A00BBEF5E /* Preview Content */,
			);
			path = RefrigeratorRecipeApp;
			sourceTree = "<group>";
		};
		99159CB92C0F548A00BBEF5E /* Preview Content */ = {
			isa = PBXGroup;
			children = (
				99159CBA2C0F548A00BBEF5E /* Preview Assets.xcassets */,
			);
			path = "Preview Content";
			sourceTree = "<group>";
		};
		99159CC32C0F548B00BBEF5E /* RefrigeratorRecipeAppTests */ = {
			isa = PBXGroup;
			children = (
				99159CC42C0F548B00BBEF5E /* RefrigeratorRecipeAppTests.swift */,
			);
			path = RefrigeratorRecipeAppTests;
			sourceTree = "<group>";
		};
		99159CCD2C0F548B00BBEF5E /* RefrigeratorRecipeAppUITests */ = {
			isa = PBXGroup;
			children = (
				99159CCE2C0F548B00BBEF5E /* RefrigeratorRecipeAppUITests.swift */,
				99159CD02C0F548B00BBEF5E /* RefrigeratorRecipeAppUITestsLaunchTests.swift */,
			);
			path = RefrigeratorRecipeAppUITests;
			sourceTree = "<group>";
		};
/* End PBXGroup section */

/* Begin PBXNativeTarget section */
		99159CAD2C0F548700BBEF5E /* RefrigeratorRecipeApp */ = {
			isa = PBXNativeTarget;
			buildConfigurationList = 99159CD42C0F548B00BBEF5E /* Build configuration list for PBXNativeTarget "RefrigeratorRecipeApp" */;
			buildPhases = (
				99159CAA2C0F548700BBEF5E /* Sources */,
				99159CAB2C0F548700BBEF5E /* Frameworks */,
				99159CAC2C0F548700BBEF5E /* Resources */,
			);
			buildRules = (
			);
			dependencies = (
			);
			name = RefrigeratorRecipeApp;
			productName = RefrigeratorRecipeApp;
			productReference = 99159CAE2C0F548700BBEF5E /* RefrigeratorRecipeApp.app */;
			productType = "com.apple.product-type.application";
		};
		99159CBF2C0F548B00BBEF5E /* RefrigeratorRecipeAppTests */ = {
			isa = PBXNativeTarget;
			buildConfigurationList = 99159CD72C0F548B00BBEF5E /* Build configuration list for PBXNativeTarget "RefrigeratorRecipeAppTests" */;
			buildPhases = (
				99159CBC2C0F548B00BBEF5E /* Sources */,
				99159CBD2C0F548B00BBEF5E /* Frameworks */,
				99159CBE2C0F548B00BBEF5E /* Resources */,
			);
			buildRules = (
			);
			dependencies = (
				99159CC22C0F548B00BBEF5E /* PBXTargetDependency */,
			);
			name = RefrigeratorRecipeAppTests;
			productName = RefrigeratorRecipeAppTests;
			productReference = 99159CC02C0F548B00BBEF5E /* RefrigeratorRecipeAppTests.xctest */;
			productType = "com.apple.product-type.bundle.unit-test";
		};
		99159CC92C0F548B00BBEF5E /* RefrigeratorRecipeAppUITests */ = {
			isa = PBXNativeTarget;
			buildConfigurationList = 99159CDA2C0F548B00BBEF5E /* Build configuration list for PBXNativeTarget "RefrigeratorRecipeAppUITests" */;
			buildPhases = (
				99159CC62C0F548B00BBEF5E /* Sources */,
				99159CC72C0F548B00BBEF5E /* Frameworks */,
				99159CC82C0F548B00BBEF5E /* Resources */,
			);
			buildRules = (
			);
			dependencies = (
				99159CCC2C0F548B00BBEF5E /* PBXTargetDependency */,
			);
			name = RefrigeratorRecipeAppUITests;
			productName = RefrigeratorRecipeAppUITests;
			productReference = 99159CCA2C0F548B00BBEF5E /* RefrigeratorRecipeAppUITests.xctest */;
			productType = "com.apple.product-type.bundle.ui-testing";
		};
/* End PBXNativeTarget section */

/* Begin PBXProject section */
		99159CA62C0F548700BBEF5E /* Project object */ = {
			isa = PBXProject;
			attributes = {
				BuildIndependentTargetsInParallel = 1;
				LastSwiftUpdateCheck = 1530;
				LastUpgradeCheck = 1530;
				TargetAttributes = {
					99159CAD2C0F548700BBEF5E = {
						CreatedOnToolsVersion = 15.3;
					};
					99159CBF2C0F548B00BBEF5E = {
						CreatedOnToolsVersion = 15.3;
						TestTargetID = 99159CAD2C0F548700BBEF5E;
					};
					99159CC92C0F548B00BBEF5E = {
						CreatedOnToolsVersion = 15.3;
						TestTargetID = 99159CAD2C0F548700BBEF5E;
					};
				};
			};
			buildConfigurationList = 99159CA92C0F548700BBEF5E /* Build configuration list for PBXProject "RefrigeratorRecipeApp" */;
			compatibilityVersion = "Xcode 14.0";
			developmentRegion = en;
			hasScannedForEncodings = 0;
			knownRegions = (
				en,
				Base,
			);
			mainGroup = 99159CA52C0F548700BBEF5E;
			productRefGroup = 99159CAF2C0F548700BBEF5E /* Products */;
			projectDirPath = "";
			projectRoot = "";
			targets = (
				99159CAD2C0F548700BBEF5E /* RefrigeratorRecipeApp */,
				99159CBF2C0F548B00BBEF5E /* RefrigeratorRecipeAppTests */,
				99159CC92C0F548B00BBEF5E /* RefrigeratorRecipeAppUITests */,
			);
		};
/* End PBXProject section */

/* Begin PBXResourcesBuildPhase section */
		99159CAC2C0F548700BBEF5E /* Resources */ = {
			isa = PBXResourcesBuildPhase;
			buildActionMask = 2147483647;
			files = (
				99159CBB2C0F548A00BBEF5E /* Preview Assets.xcassets in Resources */,
				99159CB82C0F548A00BBEF5E /* Assets.xcassets in Resources */,
			);
			runOnlyForDeploymentPostprocessing = 0;
		};
		99159CBE2C0F548B00BBEF5E /* Resources */ = {
			isa = PBXResourcesBuildPhase;
			buildActionMask = 2147483647;
			files = (
			);
			runOnlyForDeploymentPostprocessing = 0;
		};
		99159CC82C0F548B00BBEF5E /* Resources */ = {
			isa = PBXResourcesBuildPhase;
			buildActionMask = 2147483647;
			files = (
			);
			runOnlyForDeploymentPostprocessing = 0;
		};
/* End PBXResourcesBuildPhase section */

/* Begin PBXSourcesBuildPhase section */
		99159CAA2C0F548700BBEF5E /* Sources */ = {
			isa = PBXSourcesBuildPhase;
			buildActionMask = 2147483647;
			files = (
				99159CB42C0F548700BBEF5E /* ContentView.swift in Sources */,
				99159CB62C0F548700BBEF5E /* Item.swift in Sources */,
				99159CB22C0F548700BBEF5E /* RefrigeratorRecipeAppApp.swift in Sources */,
			);
			runOnlyForDeploymentPostprocessing = 0;
		};
		99159CBC2C0F548B00BBEF5E /* Sources */ = {
			isa = PBXSourcesBuildPhase;
			buildActionMask = 2147483647;
			files = (
				99159CC52C0F548B00BBEF5E /* RefrigeratorRecipeAppTests.swift in Sources */,
			);
			runOnlyForDeploymentPostprocessing = 0;
		};
		99159CC62C0F548B00BBEF5E /* Sources */ = {
			isa = PBXSourcesBuildPhase;
			buildActionMask = 2147483647;
			files = (
				99159CD12C0F548B00BBEF5E /* RefrigeratorRecipeAppUITestsLaunchTests.swift in Sources */,
				99159CCF2C0F548B00BBEF5E /* RefrigeratorRecipeAppUITests.swift in Sources */,
			);
			runOnlyForDeploymentPostprocessing = 0;
		};
/* End PBXSourcesBuildPhase section */

/* Begin PBXTargetDependency section */
		99159CC22C0F548B00BBEF5E /* PBXTargetDependency */ = {
			isa = PBXTargetDependency;
			target = 99159CAD2C0F548700BBEF5E /* RefrigeratorRecipeApp */;
			targetProxy = 99159CC12C0F548B00BBEF5E /* PBXContainerItemProxy */;
		};
		99159CCC2C0F548B00BBEF5E /* PBXTargetDependency */ = {
			isa = PBXTargetDependency;
			target = 99159CAD2C0F548700BBEF5E /* RefrigeratorRecipeApp */;
			targetProxy = 99159CCB2C0F548B00BBEF5E /* PBXContainerItemProxy */;
		};
/* End PBXTargetDependency section */

/* Begin XCBuildConfiguration section */
		99159CD22C0F548B00BBEF5E /* Debug */ = {
			isa = XCBuildConfiguration;
			buildSettings = {
				ALWAYS_SEARCH_USER_PATHS = NO;
				ASSETCATALOG_COMPILER_GENERATE_SWIFT_ASSET_SYMBOL_EXTENSIONS = YES;
				CLANG_ANALYZER_NONNULL = YES;
				CLANG_ANALYZER_NUMBER_OBJECT_CONVERSION = YES_AGGRESSIVE;
				CLANG_CXX_LANGUAGE_STANDARD = "gnu++20";
				CLANG_ENABLE_MODULES = YES;
				CLANG_ENABLE_OBJC_ARC = YES;
				CLANG_ENABLE_OBJC_WEAK = YES;
				CLANG_WARN_BLOCK_CAPTURE_AUTORELEASING = YES;
				CLANG_WARN_BOOL_CONVERSION = YES;
				CLANG_WARN_COMMA = YES;
				CLANG_WARN_CONSTANT_CONVERSION = YES;
				CLANG_WARN_DEPRECATED_OBJC_IMPLEMENTATIONS = YES;
				CLANG_WARN_DIRECT_OBJC_ISA_USAGE = YES_ERROR;
				CLANG_WARN_DOCUMENTATION_COMMENTS = YES;
				CLANG_WARN_EMPTY_BODY = YES;
				CLANG_WARN_ENUM_CONVERSION = YES;
				CLANG_WARN_INFINITE_RECURSION = YES;
				CLANG_WARN_INT_CONVERSION = YES;
				CLANG_WARN_NON_LITERAL_NULL_CONVERSION = YES;
				CLANG_WARN_OBJC_IMPLICIT_RETAIN_SELF = YES;
				CLANG_WARN_OBJC_LITERAL_CONVERSION = YES;
				CLANG_WARN_OBJC_ROOT_CLASS = YES_ERROR;
				CLANG_WARN_QUOTED_INCLUDE_IN_FRAMEWORK_HEADER = YES;
				CLANG_WARN_RANGE_LOOP_ANALYSIS = YES;
				CLANG_WARN_STRICT_PROTOTYPES = YES;
				CLANG_WARN_SUSPICIOUS_MOVE = YES;
				CLANG_WARN_UNGUARDED_AVAILABILITY = YES_AGGRESSIVE;
				CLANG_WARN_UNREACHABLE_CODE = YES;
				CLANG_WARN__DUPLICATE_METHOD_MATCH = YES;
				COPY_PHASE_STRIP = NO;
				DEBUG_INFORMATION_FORMAT = dwarf;
				ENABLE_STRICT_OBJC_MSGSEND = YES;
				ENABLE_TESTABILITY = YES;
				ENABLE_USER_SCRIPT_SANDBOXING = YES;
				GCC_C_LANGUAGE_STANDARD = gnu17;
				GCC_DYNAMIC_NO_PIC = NO;
				GCC_NO_COMMON_BLOCKS = YES;
				GCC_OPTIMIZATION_LEVEL = 0;
				GCC_PREPROCESSOR_DEFINITIONS = (
					"DEBUG=1",
					"$(inherited)",
				);
				GCC_WARN_64_TO_32_BIT_CONVERSION = YES;
				GCC_WARN_ABOUT_RETURN_TYPE = YES_ERROR;
				GCC_WARN_UNDECLARED_SELECTOR = YES;
				GCC_WARN_UNINITIALIZED_AUTOS = YES_AGGRESSIVE;
				GCC_WARN_UNUSED_FUNCTION = YES;
				GCC_WARN_UNUSED_VARIABLE = YES;
				IPHONEOS_DEPLOYMENT_TARGET = 17.4;
				LOCALIZATION_PREFERS_STRING_CATALOGS = YES;
				MTL_ENABLE_DEBUG_INFO = INCLUDE_SOURCE;
				MTL_FAST_MATH = YES;
				ONLY_ACTIVE_ARCH = YES;
				SDKROOT = iphoneos;
				SWIFT_ACTIVE_COMPILATION_CONDITIONS = "DEBUG $(inherited)";
				SWIFT_OPTIMIZATION_LEVEL = "-Onone";
			};
			name = Debug;
		};
		99159CD32C0F548B00BBEF5E /* Release */ = {
			isa = XCBuildConfiguration;
			buildSettings = {
				ALWAYS_SEARCH_USER_PATHS = NO;
				ASSETCATALOG_COMPILER_GENERATE_SWIFT_ASSET_SYMBOL_EXTENSIONS = YES;
				CLANG_ANALYZER_NONNULL = YES;
				CLANG_ANALYZER_NUMBER_OBJECT_CONVERSION = YES_AGGRESSIVE;
				CLANG_CXX_LANGUAGE_STANDARD = "gnu++20";
				CLANG_ENABLE_MODULES = YES;
				CLANG_ENABLE_OBJC_ARC = YES;
				CLANG_ENABLE_OBJC_WEAK = YES;
				CLANG_WARN_BLOCK_CAPTURE_AUTORELEASING = YES;
				CLANG_WARN_BOOL_CONVERSION = YES;
				CLANG_WARN_COMMA = YES;
				CLANG_WARN_CONSTANT_CONVERSION = YES;
				CLANG_WARN_DEPRECATED_OBJC_IMPLEMENTATIONS = YES;
				CLANG_WARN_DIRECT_OBJC_ISA_USAGE = YES_ERROR;
				CLANG_WARN_DOCUMENTATION_COMMENTS = YES;
				CLANG_WARN_EMPTY_BODY = YES;
				CLANG_WARN_ENUM_CONVERSION = YES;
				CLANG_WARN_INFINITE_RECURSION = YES;
				CLANG_WARN_INT_CONVERSION = YES;
				CLANG_WARN_NON_LITERAL_NULL_CONVERSION = YES;
				CLANG_WARN_OBJC_IMPLICIT_RETAIN_SELF = YES;
				CLANG_WARN_OBJC_LITERAL_CONVERSION = YES;
				CLANG_WARN_OBJC_ROOT_CLASS = YES_ERROR;
				CLANG_WARN_QUOTED_INCLUDE_IN_FRAMEWORK_HEADER = YES;
				CLANG_WARN_RANGE_LOOP_ANALYSIS = YES;
				CLANG_WARN_STRICT_PROTOTYPES = YES;
				CLANG_WARN_SUSPICIOUS_MOVE = YES;
				CLANG_WARN_UNGUARDED_AVAILABILITY = YES_AGGRESSIVE;
				CLANG_WARN_UNREACHABLE_CODE = YES;
				CLANG_WARN__DUPLICATE_METHOD_MATCH = YES;
				COPY_PHASE_STRIP = NO;
				DEBUG_INFORMATION_FORMAT = "dwarf-with-dsym";
				ENABLE_NS_ASSERTIONS = NO;
				ENABLE_STRICT_OBJC_MSGSEND = YES;
				ENABLE_USER_SCRIPT_SANDBOXING = YES;
				GCC_C_LANGUAGE_STANDARD = gnu17;
				GCC_NO_COMMON_BLOCKS = YES;
				GCC_WARN_64_TO_32_BIT_CONVERSION = YES;
				GCC_WARN_ABOUT_RETURN_TYPE = YES_ERROR;
				GCC_WARN_UNDECLARED_SELECTOR = YES;
				GCC_WARN_UNINITIALIZED_AUTOS = YES_AGGRESSIVE;
				GCC_WARN_UNUSED_FUNCTION = YES;
				GCC_WARN_UNUSED_VARIABLE = YES;
				IPHONEOS_DEPLOYMENT_TARGET = 17.4;
				LOCALIZATION_PREFERS_STRING_CATALOGS = YES;
				MTL_ENABLE_DEBUG_INFO = NO;
				MTL_FAST_MATH = YES;
				SDKROOT = iphoneos;
				SWIFT_COMPILATION_MODE = wholemodule;
				VALIDATE_PRODUCT = YES;
			};
			name = Release;
		};
		99159CD52C0F548B00BBEF5E /* Debug */ = {
			isa = XCBuildConfiguration;
			buildSettings = {
				ASSETCATALOG_COMPILER_APPICON_NAME = AppIcon;
				ASSETCATALOG_COMPILER_GLOBAL_ACCENT_COLOR_NAME = AccentColor;
				CODE_SIGN_STYLE = Automatic;
				CURRENT_PROJECT_VERSION = 1;
				DEVELOPMENT_ASSET_PATHS = "\"RefrigeratorRecipeApp/Preview Content\"";
				ENABLE_PREVIEWS = YES;
				GENERATE_INFOPLIST_FILE = YES;
				INFOPLIST_KEY_UIApplicationSceneManifest_Generation = YES;
				INFOPLIST_KEY_UIApplicationSupportsIndirectInputEvents = YES;
				INFOPLIST_KEY_UILaunchScreen_Generation = YES;
				INFOPLIST_KEY_UISupportedInterfaceOrientations_iPad = "UIInterfaceOrientationPortrait UIInterfaceOrientationPortraitUpsideDown UIInterfaceOrientationLandscapeLeft UIInterfaceOrientationLandscapeRight";
				INFOPLIST_KEY_UISupportedInterfaceOrientations_iPhone = "UIInterfaceOrientationPortrait UIInterfaceOrientationLandscapeLeft UIInterfaceOrientationLandscapeRight";
				LD_RUNPATH_SEARCH_PATHS = (
					"$(inherited)",
					"@executable_path/Frameworks",
				);
				MARKETING_VERSION = 1.0;
				PRODUCT_BUNDLE_IDENTIFIER = com.takutoono.RefrigeratorRecipeApp;
				PRODUCT_NAME = "$(TARGET_NAME)";
				SWIFT_EMIT_LOC_STRINGS = YES;
				SWIFT_VERSION = 5.0;
				TARGETED_DEVICE_FAMILY = "1,2";
			};
			name = Debug;
		};
		99159CD62C0F548B00BBEF5E /* Release */ = {
			isa = XCBuildConfiguration;
			buildSettings = {
				ASSETCATALOG_COMPILER_APPICON_NAME = AppIcon;
				ASSETCATALOG_COMPILER_GLOBAL_ACCENT_COLOR_NAME = AccentColor;
				CODE_SIGN_STYLE = Automatic;
				CURRENT_PROJECT_VERSION = 1;
				DEVELOPMENT_ASSET_PATHS = "\"RefrigeratorRecipeApp/Preview Content\"";
				ENABLE_PREVIEWS = YES;
				GENERATE_INFOPLIST_FILE = YES;
				INFOPLIST_KEY_UIApplicationSceneManifest_Generation = YES;
				INFOPLIST_KEY_UIApplicationSupportsIndirectInputEvents = YES;
				INFOPLIST_KEY_UILaunchScreen_Generation = YES;
				INFOPLIST_KEY_UISupportedInterfaceOrientations_iPad = "UIInterfaceOrientationPortrait UIInterfaceOrientationPortraitUpsideDown UIInterfaceOrientationLandscapeLeft UIInterfaceOrientationLandscapeRight";
				INFOPLIST_KEY_UISupportedInterfaceOrientations_iPhone = "UIInterfaceOrientationPortrait UIInterfaceOrientationLandscapeLeft UIInterfaceOrientationLandscapeRight";
				LD_RUNPATH_SEARCH_PATHS = (
					"$(inherited)",
					"@executable_path/Frameworks",
				);
				MARKETING_VERSION = 1.0;
				PRODUCT_BUNDLE_IDENTIFIER = com.takutoono.RefrigeratorRecipeApp;
				PRODUCT_NAME = "$(TARGET_NAME)";
				SWIFT_EMIT_LOC_STRINGS = YES;
				SWIFT_VERSION = 5.0;
				TARGETED_DEVICE_FAMILY = "1,2";
			};
			name = Release;
		};
		99159CD82C0F548B00BBEF5E /* Debug */ = {
			isa = XCBuildConfiguration;
			buildSettings = {
				ALWAYS_EMBED_SWIFT_STANDARD_LIBRARIES = YES;
				BUNDLE_LOADER = "$(TEST_HOST)";
				CODE_SIGN_STYLE = Automatic;
				CURRENT_PROJECT_VERSION = 1;
				GENERATE_INFOPLIST_FILE = YES;
				IPHONEOS_DEPLOYMENT_TARGET = 17.4;
				MARKETING_VERSION = 1.0;
				PRODUCT_BUNDLE_IDENTIFIER = com.takutoono.RefrigeratorRecipeAppTests;
				PRODUCT_NAME = "$(TARGET_NAME)";
				SWIFT_EMIT_LOC_STRINGS = NO;
				SWIFT_VERSION = 5.0;
				TARGETED_DEVICE_FAMILY = "1,2";
				TEST_HOST = "$(BUILT_PRODUCTS_DIR)/RefrigeratorRecipeApp.app/$(BUNDLE_EXECUTABLE_FOLDER_PATH)/RefrigeratorRecipeApp";
			};
			name = Debug;
		};
		99159CD92C0F548B00BBEF5E /* Release */ = {
			isa = XCBuildConfiguration;
			buildSettings = {
				ALWAYS_EMBED_SWIFT_STANDARD_LIBRARIES = YES;
				BUNDLE_LOADER = "$(TEST_HOST)";
				CODE_SIGN_STYLE = Automatic;
				CURRENT_PROJECT_VERSION = 1;
				GENERATE_INFOPLIST_FILE = YES;
				IPHONEOS_DEPLOYMENT_TARGET = 17.4;
				MARKETING_VERSION = 1.0;
				PRODUCT_BUNDLE_IDENTIFIER = com.takutoono.RefrigeratorRecipeAppTests;
				PRODUCT_NAME = "$(TARGET_NAME)";
				SWIFT_EMIT_LOC_STRINGS = NO;
				SWIFT_VERSION = 5.0;
				TARGETED_DEVICE_FAMILY = "1,2";
				TEST_HOST = "$(BUILT_PRODUCTS_DIR)/RefrigeratorRecipeApp.app/$(BUNDLE_EXECUTABLE_FOLDER_PATH)/RefrigeratorRecipeApp";
			};
			name = Release;
		};
		99159CDB2C0F548B00BBEF5E /* Debug */ = {
			isa = XCBuildConfiguration;
			buildSettings = {
				ALWAYS_EMBED_SWIFT_STANDARD_LIBRARIES = YES;
				CODE_SIGN_STYLE = Automatic;
				CURRENT_PROJECT_VERSION = 1;
				GENERATE_INFOPLIST_FILE = YES;
				MARKETING_VERSION = 1.0;
				PRODUCT_BUNDLE_IDENTIFIER = com.takutoono.RefrigeratorRecipeAppUITests;
				PRODUCT_NAME = "$(TARGET_NAME)";
				SWIFT_EMIT_LOC_STRINGS = NO;
				SWIFT_VERSION = 5.0;
				TARGETED_DEVICE_FAMILY = "1,2";
				TEST_TARGET_NAME = RefrigeratorRecipeApp;
			};
			name = Debug;
		};
		99159CDC2C0F548B00BBEF5E /* Release */ = {
			isa = XCBuildConfiguration;
			buildSettings = {
				ALWAYS_EMBED_SWIFT_STANDARD_LIBRARIES = YES;
				CODE_SIGN_STYLE = Automatic;
				CURRENT_PROJECT_VERSION = 1;
				GENERATE_INFOPLIST_FILE = YES;
				MARKETING_VERSION = 1.0;
				PRODUCT_BUNDLE_IDENTIFIER = com.takutoono.RefrigeratorRecipeAppUITests;
				PRODUCT_NAME = "$(TARGET_NAME)";
				SWIFT_EMIT_LOC_STRINGS = NO;
				SWIFT_VERSION = 5.0;
				TARGETED_DEVICE_FAMILY = "1,2";
				TEST_TARGET_NAME = RefrigeratorRecipeApp;
			};
			name = Release;
		};
/* End XCBuildConfiguration section */

/* Begin XCConfigurationList section */
		99159CA92C0F548700BBEF5E /* Build configuration list for PBXProject "RefrigeratorRecipeApp" */ = {
			isa = XCConfigurationList;
			buildConfigurations = (
				99159CD22C0F548B00BBEF5E /* Debug */,
				99159CD32C0F548B00BBEF5E /* Release */,
			);
			defaultConfigurationIsVisible = 0;
			defaultConfigurationName = Release;
		};
		99159CD42C0F548B00BBEF5E /* Build configuration list for PBXNativeTarget "RefrigeratorRecipeApp" */ = {
			isa = XCConfigurationList;
			buildConfigurations = (
				99159CD52C0F548B00BBEF5E /* Debug */,
				99159CD62C0F548B00BBEF5E /* Release */,
			);
			defaultConfigurationIsVisible = 0;
			defaultConfigurationName = Release;
		};
		99159CD72C0F548B00BBEF5E /* Build configuration list for PBXNativeTarget "RefrigeratorRecipeAppTests" */ = {
			isa = XCConfigurationList;
			buildConfigurations = (
				99159CD82C0F548B00BBEF5E /* Debug */,
				99159CD92C0F548B00BBEF5E /* Release */,
			);
			defaultConfigurationIsVisible = 0;
			defaultConfigurationName = Release;
		};
		99159CDA2C0F548B00BBEF5E /* Build configuration list for PBXNativeTarget "RefrigeratorRecipeAppUITests" */ = {
			isa = XCConfigurationList;
			buildConfigurations = (
				99159CDB2C0F548B00BBEF5E /* Debug */,
				99159CDC2C0F548B00BBEF5E /* Release */,
			);
			defaultConfigurationIsVisible = 0;
			defaultConfigurationName = Release;
		};
/* End XCConfigurationList section */
	};
	rootObject = 99159CA62C0F548700BBEF5E /* Project object */;
}
